
Microsoft Visual Studio Solution File, Format Version 12.00
# Visual Studio Version 17
VisualStudioVersion = 17.8.34205.153
MinimumVisualStudioVersion = 10.0.40219.1
Project("{FAE04EC0-301F-11D3-BF4B-00C04F79EFBC}") = "Seminar2", "Seminar2\Seminar2.csproj", "{08F94D06-8668-472C-AB9D-B0693C96728E}"
EndProject
Global
	GlobalSection(SolutionConfigurationPlatforms) = preSolution
		Debug|Any CPU = Debug|Any CPU
		Release|Any CPU = Release|Any CPU
	EndGlobalSection
	GlobalSection(ProjectConfigurationPlatforms) = postSolution
		{08F94D06-8668-472C-AB9D-B0693C96728E}.Debug|Any CPU.ActiveCfg = Debug|Any CPU
		{08F94D06-8668-472C-AB9D-B0693C96728E}.Debug|Any CPU.Build.0 = Debug|Any CPU
		{08F94D06-8668-472C-AB9D-B0693C96728E}.Release|Any CPU.ActiveCfg = Release|Any CPU
		{08F94D06-8668-472C-AB9D-B0693C96728E}.Release|Any CPU.Build.0 = Release|Any CPU
	EndGlobalSection
	GlobalSection(SolutionProperties) = preSolution
		HideSolutionNode = FALSE
	EndGlobalSection
	GlobalSection(ExtensibilityGlobals) = postSolution
		SolutionGuid = {E725735C-2CD6-42FF-996B-362FCF4B7658}
	EndGlobalSection
EndGlobal
